
Microsoft Visual Studio Solution File, Format Version 12.00
# Visual Studio Version 17
VisualStudioVersion = 17.4.33403.182
MinimumVisualStudioVersion = 10.0.40219.1
Project("{FAE04EC0-301F-11D3-BF4B-00C04F79EFBC}") = "P2_2020BQ601_2020AU601_2020QQ650", "P2_2020BQ601_2020AU601_2020QQ650\P2_2020BQ601_2020AU601_2020QQ650.csproj", "{3EE2D1BA-E193-4863-B833-E50F6A93C891}"
EndProject
Global
	GlobalSection(SolutionConfigurationPlatforms) = preSolution
		Debug|Any CPU = Debug|Any CPU
		Release|Any CPU = Release|Any CPU
	EndGlobalSection
	GlobalSection(ProjectConfigurationPlatforms) = postSolution
		{3EE2D1BA-E193-4863-B833-E50F6A93C891}.Debug|Any CPU.ActiveCfg = Debug|Any CPU
		{3EE2D1BA-E193-4863-B833-E50F6A93C891}.Debug|Any CPU.Build.0 = Debug|Any CPU
		{3EE2D1BA-E193-4863-B833-E50F6A93C891}.Release|Any CPU.ActiveCfg = Release|Any CPU
		{3EE2D1BA-E193-4863-B833-E50F6A93C891}.Release|Any CPU.Build.0 = Release|Any CPU
	EndGlobalSection
	GlobalSection(SolutionProperties) = preSolution
		HideSolutionNode = FALSE
	EndGlobalSection
	GlobalSection(ExtensibilityGlobals) = postSolution
		SolutionGuid = {5D0867E3-EFF4-4D56-9B52-650C9B66CEE8}
	EndGlobalSection
EndGlobal
